// !$*UTF8*$!
{
	archiveVersion = 1;
	classes = {
	};
	objectVersion = 53;
	objects = {

/* Begin PBXBuildFile section */
		18572B342183B7C1008A196B /* AppDelegate.swift in Sources */ = {isa = PBXBuildFile; fileRef = 18572B332183B7C1008A196B /* AppDelegate.swift */; };
		18572B3B2183B7C2008A196B /* Assets.xcassets in Resources */ = {isa = PBXBuildFile; fileRef = 18572B3A2183B7C2008A196B /* Assets.xcassets */; };
		18572B3E2183B7C2008A196B /* LaunchScreen.storyboard in Resources */ = {isa = PBXBuildFile; fileRef = 18572B3C2183B7C2008A196B /* LaunchScreen.storyboard */; };
		18572B592183B97B008A196B /* LoginInteractor.swift in Sources */ = {isa = PBXBuildFile; fileRef = 18572B532183B97B008A196B /* LoginInteractor.swift */; };
		18572B5A2183B97B008A196B /* LoginModels.swift in Sources */ = {isa = PBXBuildFile; fileRef = 18572B542183B97B008A196B /* LoginModels.swift */; };
		18572B5B2183B97B008A196B /* LoginViewController.swift in Sources */ = {isa = PBXBuildFile; fileRef = 18572B552183B97B008A196B /* LoginViewController.swift */; };
		18572B5C2183B97B008A196B /* LoginPresenter.swift in Sources */ = {isa = PBXBuildFile; fileRef = 18572B562183B97B008A196B /* LoginPresenter.swift */; };
		18572B5D2183B97B008A196B /* LoginWorker.swift in Sources */ = {isa = PBXBuildFile; fileRef = 18572B572183B97B008A196B /* LoginWorker.swift */; };
		18572B5E2183B97B008A196B /* APPRouter.swift in Sources */ = {isa = PBXBuildFile; fileRef = 18572B582183B97B008A196B /* APPRouter.swift */; };
		18572B662183B9A0008A196B /* DetailPresenter.swift in Sources */ = {isa = PBXBuildFile; fileRef = 18572B602183B9A0008A196B /* DetailPresenter.swift */; };
		18572B672183B9A0008A196B /* DetailWorker.swift in Sources */ = {isa = PBXBuildFile; fileRef = 18572B612183B9A0008A196B /* DetailWorker.swift */; };
		18572B692183B9A0008A196B /* DetailModels.swift in Sources */ = {isa = PBXBuildFile; fileRef = 18572B632183B9A0008A196B /* DetailModels.swift */; };
		18572B6B2183B9A0008A196B /* DetailInteractor.swift in Sources */ = {isa = PBXBuildFile; fileRef = 18572B652183B9A0008A196B /* DetailInteractor.swift */; };
		18572B702183BB4A008A196B /* InputTextView.swift in Sources */ = {isa = PBXBuildFile; fileRef = 18572B6F2183BB4A008A196B /* InputTextView.swift */; };
		18572B742183BB72008A196B /* LogoView.swift in Sources */ = {isa = PBXBuildFile; fileRef = 18572B732183BB72008A196B /* LogoView.swift */; };
		18572B782183BBE3008A196B /* LoginButtonView.swift in Sources */ = {isa = PBXBuildFile; fileRef = 18572B772183BBE3008A196B /* LoginButtonView.swift */; };
		18572B7C2183BC8B008A196B /* TitleDetailView.swift in Sources */ = {isa = PBXBuildFile; fileRef = 18572B7B2183BC8B008A196B /* TitleDetailView.swift */; };
		18572B822183BCD8008A196B /* ExitButtonView.xib in Resources */ = {isa = PBXBuildFile; fileRef = 18572B812183BCD8008A196B /* ExitButtonView.xib */; };
		18572B842183BCF1008A196B /* ExitButtonView.swift in Sources */ = {isa = PBXBuildFile; fileRef = 18572B832183BCF1008A196B /* ExitButtonView.swift */; };
		18572B872183BD2C008A196B /* DetailCell.swift in Sources */ = {isa = PBXBuildFile; fileRef = 18572B852183BD2C008A196B /* DetailCell.swift */; };
		18572B8B2183E352008A196B /* UIViewExtensions.swift in Sources */ = {isa = PBXBuildFile; fileRef = 18572B8A2183E352008A196B /* UIViewExtensions.swift */; };
		18572B8D2183E3D8008A196B /* UIColorExtensions.swift in Sources */ = {isa = PBXBuildFile; fileRef = 18572B8C2183E3D8008A196B /* UIColorExtensions.swift */; };
		18572B902183EE66008A196B /* InfoDetailView.swift in Sources */ = {isa = PBXBuildFile; fileRef = 18572B8E2183EE66008A196B /* InfoDetailView.swift */; };
		18572B912183EE66008A196B /* InfoDetailView.xib in Resources */ = {isa = PBXBuildFile; fileRef = 18572B8F2183EE66008A196B /* InfoDetailView.xib */; };
		18572B9E21847CEC008A196B /* DetailCell.xib in Resources */ = {isa = PBXBuildFile; fileRef = 18572B9C21847CEC008A196B /* DetailCell.xib */; };
		18572BA321848994008A196B /* KeyboardUtility.swift in Sources */ = {isa = PBXBuildFile; fileRef = 18572BA221848994008A196B /* KeyboardUtility.swift */; };
		18572BB02184B299008A196B /* DetailsViewViewController.swift in Sources */ = {isa = PBXBuildFile; fileRef = 18572BAE2184B299008A196B /* DetailsViewViewController.swift */; };
		18572BB12184B299008A196B /* DetailsViewViewController.xib in Resources */ = {isa = PBXBuildFile; fileRef = 18572BAF2184B299008A196B /* DetailsViewViewController.xib */; };
		18572BB62184E791008A196B /* APIClientImpl.swift in Sources */ = {isa = PBXBuildFile; fileRef = 18572BB52184E791008A196B /* APIClientImpl.swift */; };
		18572BB82184F60B008A196B /* CodableExtensions.swift in Sources */ = {isa = PBXBuildFile; fileRef = 18572BB72184F60B008A196B /* CodableExtensions.swift */; };
		18572BBB21853BBA008A196B /* DoubleExtensions.swift in Sources */ = {isa = PBXBuildFile; fileRef = 18572BBA21853BB9008A196B /* DoubleExtensions.swift */; };
		18572BD121859DCD008A196B /* KeychainWrapper.swift in Sources */ = {isa = PBXBuildFile; fileRef = 18572BD021859DCD008A196B /* KeychainWrapper.swift */; };
		18572BD32185B26F008A196B /* DateExtensions.swift in Sources */ = {isa = PBXBuildFile; fileRef = 18572BD22185B26F008A196B /* DateExtensions.swift */; };
		18572BE32185D41D008A196B /* KeychainTests.swift in Sources */ = {isa = PBXBuildFile; fileRef = 18572BE22185D41D008A196B /* KeychainTests.swift */; };
		18572BE52185D703008A196B /* LoginWorkerTests.swift in Sources */ = {isa = PBXBuildFile; fileRef = 18572BE42185D703008A196B /* LoginWorkerTests.swift */; };
		18DE5704226B2C3E009E25B5 /* UICollectionViewExtension.swift in Sources */ = {isa = PBXBuildFile; fileRef = 18DE5703226B2C3E009E25B5 /* UICollectionViewExtension.swift */; };
		18DE5706226B2FC4009E25B5 /* ArrayExtensions.swift in Sources */ = {isa = PBXBuildFile; fileRef = 18DE5705226B2FC4009E25B5 /* ArrayExtensions.swift */; };
		18DE570A226B4DF9009E25B5 /* LoginConfigurator.swift in Sources */ = {isa = PBXBuildFile; fileRef = 18DE5709226B4DF9009E25B5 /* LoginConfigurator.swift */; };
		18DE570E226B54D2009E25B5 /* DetailConfigurator.swift in Sources */ = {isa = PBXBuildFile; fileRef = 18DE570D226B54D2009E25B5 /* DetailConfigurator.swift */; };
		3B448AA72AC9AB8C00F94292 /* IQKeyboardManagerSwift in Frameworks */ = {isa = PBXBuildFile; productRef = 3B448AA62AC9AB8C00F94292 /* IQKeyboardManagerSwift */; };
		3B448AA92AC9B41100F94292 /* APIRequest.swift in Sources */ = {isa = PBXBuildFile; fileRef = 3B448AA82AC9B41100F94292 /* APIRequest.swift */; };
		3B448AAB2AC9B46400F94292 /* APIClient.swift in Sources */ = {isa = PBXBuildFile; fileRef = 3B448AAA2AC9B46400F94292 /* APIClient.swift */; };
		3B448AAE2AC9C94A00F94292 /* SwiftKeychainWrapper in Frameworks */ = {isa = PBXBuildFile; productRef = 3B448AAD2AC9C94A00F94292 /* SwiftKeychainWrapper */; };
		3B448AB42AC9D02100F94292 /* LoginDisplayLogicThreadWrapper.swift in Sources */ = {isa = PBXBuildFile; fileRef = 3B448AB32AC9D02100F94292 /* LoginDisplayLogicThreadWrapper.swift */; };
		3B448AB62AC9D82200F94292 /* StringExtensions.swift in Sources */ = {isa = PBXBuildFile; fileRef = 3B448AB52AC9D82200F94292 /* StringExtensions.swift */; };
		3B448ABB2AC9D8F100F94292 /* LoginRoutingLogicThreadWrapper.swift in Sources */ = {isa = PBXBuildFile; fileRef = 3B448ABA2AC9D8F100F94292 /* LoginRoutingLogicThreadWrapper.swift */; };
		3B448ABD2AC9DD2400F94292 /* OptionalExtensions.swift in Sources */ = {isa = PBXBuildFile; fileRef = 3B448ABC2AC9DD2400F94292 /* OptionalExtensions.swift */; };
		3B448AC02AC9E89E00F94292 /* DetailDisplayLogicThreadWrapper.swift in Sources */ = {isa = PBXBuildFile; fileRef = 3B448ABF2AC9E89E00F94292 /* DetailDisplayLogicThreadWrapper.swift */; };
		3B448AC22AC9E8E400F94292 /* DetailRoutingLogicThreadWrapper.swift in Sources */ = {isa = PBXBuildFile; fileRef = 3B448AC12AC9E8E400F94292 /* DetailRoutingLogicThreadWrapper.swift */; };
		3B448AC52ACAEAB400F94292 /* APIClientMock.swift in Sources */ = {isa = PBXBuildFile; fileRef = 3B448AC42ACAEAB400F94292 /* APIClientMock.swift */; };
		3B448AC72ACAEACB00F94292 /* KeychainManagerMock.swift in Sources */ = {isa = PBXBuildFile; fileRef = 3B448AC62ACAEACB00F94292 /* KeychainManagerMock.swift */; };
		3B448AC92ACAECBB00F94292 /* XCTestExtensions.swift in Sources */ = {isa = PBXBuildFile; fileRef = 3B448AC82ACAECBB00F94292 /* XCTestExtensions.swift */; };
		3B990CA82ACB86CC00982759 /* LoginView.swift in Sources */ = {isa = PBXBuildFile; fileRef = 3B990CA72ACB86CC00982759 /* LoginView.swift */; };
/* End PBXBuildFile section */

/* Begin PBXContainerItemProxy section */
		18572BDD2185C786008A196B /* PBXContainerItemProxy */ = {
			isa = PBXContainerItemProxy;
			containerPortal = 18572B282183B7C1008A196B /* Project object */;
			proxyType = 1;
			remoteGlobalIDString = 18572B2F2183B7C1008A196B;
			remoteInfo = SantanderSample;
		};
/* End PBXContainerItemProxy section */

/* Begin PBXFileReference section */
		18572B302183B7C1008A196B /* SantanderSample.app */ = {isa = PBXFileReference; explicitFileType = wrapper.application; includeInIndex = 0; path = SantanderSample.app; sourceTree = BUILT_PRODUCTS_DIR; };
		18572B332183B7C1008A196B /* AppDelegate.swift */ = {isa = PBXFileReference; lastKnownFileType = sourcecode.swift; path = AppDelegate.swift; sourceTree = "<group>"; };
		18572B3A2183B7C2008A196B /* Assets.xcassets */ = {isa = PBXFileReference; lastKnownFileType = folder.assetcatalog; path = Assets.xcassets; sourceTree = "<group>"; };
		18572B3D2183B7C2008A196B /* Base */ = {isa = PBXFileReference; lastKnownFileType = file.storyboard; name = Base; path = Base.lproj/LaunchScreen.storyboard; sourceTree = "<group>"; };
		18572B3F2183B7C2008A196B /* Info.plist */ = {isa = PBXFileReference; lastKnownFileType = text.plist.xml; path = Info.plist; sourceTree = "<group>"; };
		18572B532183B97B008A196B /* LoginInteractor.swift */ = {isa = PBXFileReference; fileEncoding = 4; lastKnownFileType = sourcecode.swift; path = LoginInteractor.swift; sourceTree = "<group>"; };
		18572B542183B97B008A196B /* LoginModels.swift */ = {isa = PBXFileReference; fileEncoding = 4; lastKnownFileType = sourcecode.swift; path = LoginModels.swift; sourceTree = "<group>"; };
		18572B552183B97B008A196B /* LoginViewController.swift */ = {isa = PBXFileReference; fileEncoding = 4; lastKnownFileType = sourcecode.swift; path = LoginViewController.swift; sourceTree = "<group>"; };
		18572B562183B97B008A196B /* LoginPresenter.swift */ = {isa = PBXFileReference; fileEncoding = 4; lastKnownFileType = sourcecode.swift; path = LoginPresenter.swift; sourceTree = "<group>"; };
		18572B572183B97B008A196B /* LoginWorker.swift */ = {isa = PBXFileReference; fileEncoding = 4; lastKnownFileType = sourcecode.swift; path = LoginWorker.swift; sourceTree = "<group>"; };
		18572B582183B97B008A196B /* APPRouter.swift */ = {isa = PBXFileReference; fileEncoding = 4; lastKnownFileType = sourcecode.swift; path = APPRouter.swift; sourceTree = "<group>"; };
		18572B602183B9A0008A196B /* DetailPresenter.swift */ = {isa = PBXFileReference; lastKnownFileType = sourcecode.swift; path = DetailPresenter.swift; sourceTree = "<group>"; };
		18572B612183B9A0008A196B /* DetailWorker.swift */ = {isa = PBXFileReference; lastKnownFileType = sourcecode.swift; path = DetailWorker.swift; sourceTree = "<group>"; };
		18572B632183B9A0008A196B /* DetailModels.swift */ = {isa = PBXFileReference; lastKnownFileType = sourcecode.swift; path = DetailModels.swift; sourceTree = "<group>"; };
		18572B652183B9A0008A196B /* DetailInteractor.swift */ = {isa = PBXFileReference; lastKnownFileType = sourcecode.swift; path = DetailInteractor.swift; sourceTree = "<group>"; };
		18572B6F2183BB4A008A196B /* InputTextView.swift */ = {isa = PBXFileReference; lastKnownFileType = sourcecode.swift; path = InputTextView.swift; sourceTree = "<group>"; };
		18572B732183BB72008A196B /* LogoView.swift */ = {isa = PBXFileReference; lastKnownFileType = sourcecode.swift; path = LogoView.swift; sourceTree = "<group>"; };
		18572B772183BBE3008A196B /* LoginButtonView.swift */ = {isa = PBXFileReference; lastKnownFileType = sourcecode.swift; path = LoginButtonView.swift; sourceTree = "<group>"; };
		18572B7B2183BC8B008A196B /* TitleDetailView.swift */ = {isa = PBXFileReference; lastKnownFileType = sourcecode.swift; path = TitleDetailView.swift; sourceTree = "<group>"; };
		18572B812183BCD8008A196B /* ExitButtonView.xib */ = {isa = PBXFileReference; lastKnownFileType = file.xib; path = ExitButtonView.xib; sourceTree = "<group>"; };
		18572B832183BCF1008A196B /* ExitButtonView.swift */ = {isa = PBXFileReference; lastKnownFileType = sourcecode.swift; path = ExitButtonView.swift; sourceTree = "<group>"; };
		18572B852183BD2C008A196B /* DetailCell.swift */ = {isa = PBXFileReference; lastKnownFileType = sourcecode.swift; path = DetailCell.swift; sourceTree = "<group>"; };
		18572B8A2183E352008A196B /* UIViewExtensions.swift */ = {isa = PBXFileReference; lastKnownFileType = sourcecode.swift; path = UIViewExtensions.swift; sourceTree = "<group>"; };
		18572B8C2183E3D8008A196B /* UIColorExtensions.swift */ = {isa = PBXFileReference; lastKnownFileType = sourcecode.swift; path = UIColorExtensions.swift; sourceTree = "<group>"; };
		18572B8E2183EE66008A196B /* InfoDetailView.swift */ = {isa = PBXFileReference; fileEncoding = 4; lastKnownFileType = sourcecode.swift; path = InfoDetailView.swift; sourceTree = "<group>"; };
		18572B8F2183EE66008A196B /* InfoDetailView.xib */ = {isa = PBXFileReference; fileEncoding = 4; lastKnownFileType = file.xib; path = InfoDetailView.xib; sourceTree = "<group>"; };
		18572B9C21847CEC008A196B /* DetailCell.xib */ = {isa = PBXFileReference; lastKnownFileType = file.xib; path = DetailCell.xib; sourceTree = "<group>"; };
		18572BA221848994008A196B /* KeyboardUtility.swift */ = {isa = PBXFileReference; fileEncoding = 4; lastKnownFileType = sourcecode.swift; path = KeyboardUtility.swift; sourceTree = "<group>"; };
		18572BAE2184B299008A196B /* DetailsViewViewController.swift */ = {isa = PBXFileReference; lastKnownFileType = sourcecode.swift; path = DetailsViewViewController.swift; sourceTree = "<group>"; };
		18572BAF2184B299008A196B /* DetailsViewViewController.xib */ = {isa = PBXFileReference; lastKnownFileType = file.xib; path = DetailsViewViewController.xib; sourceTree = "<group>"; };
		18572BB52184E791008A196B /* APIClientImpl.swift */ = {isa = PBXFileReference; lastKnownFileType = sourcecode.swift; path = APIClientImpl.swift; sourceTree = "<group>"; };
		18572BB72184F60B008A196B /* CodableExtensions.swift */ = {isa = PBXFileReference; lastKnownFileType = sourcecode.swift; path = CodableExtensions.swift; sourceTree = "<group>"; };
		18572BBA21853BB9008A196B /* DoubleExtensions.swift */ = {isa = PBXFileReference; lastKnownFileType = sourcecode.swift; path = DoubleExtensions.swift; sourceTree = "<group>"; };
		18572BD021859DCD008A196B /* KeychainWrapper.swift */ = {isa = PBXFileReference; lastKnownFileType = sourcecode.swift; path = KeychainWrapper.swift; sourceTree = "<group>"; };
		18572BD22185B26F008A196B /* DateExtensions.swift */ = {isa = PBXFileReference; lastKnownFileType = sourcecode.swift; path = DateExtensions.swift; sourceTree = "<group>"; };
		18572BD82185C786008A196B /* SantanderSampleTests.xctest */ = {isa = PBXFileReference; explicitFileType = wrapper.cfbundle; includeInIndex = 0; path = SantanderSampleTests.xctest; sourceTree = BUILT_PRODUCTS_DIR; };
		18572BDC2185C786008A196B /* Info.plist */ = {isa = PBXFileReference; lastKnownFileType = text.plist.xml; path = Info.plist; sourceTree = "<group>"; };
		18572BE22185D41D008A196B /* KeychainTests.swift */ = {isa = PBXFileReference; lastKnownFileType = sourcecode.swift; path = KeychainTests.swift; sourceTree = "<group>"; };
		18572BE42185D703008A196B /* LoginWorkerTests.swift */ = {isa = PBXFileReference; lastKnownFileType = sourcecode.swift; path = LoginWorkerTests.swift; sourceTree = "<group>"; };
		18DE5703226B2C3E009E25B5 /* UICollectionViewExtension.swift */ = {isa = PBXFileReference; lastKnownFileType = sourcecode.swift; path = UICollectionViewExtension.swift; sourceTree = "<group>"; };
		18DE5705226B2FC4009E25B5 /* ArrayExtensions.swift */ = {isa = PBXFileReference; lastKnownFileType = sourcecode.swift; path = ArrayExtensions.swift; sourceTree = "<group>"; };
		18DE5709226B4DF9009E25B5 /* LoginConfigurator.swift */ = {isa = PBXFileReference; lastKnownFileType = sourcecode.swift; path = LoginConfigurator.swift; sourceTree = "<group>"; };
		18DE570D226B54D2009E25B5 /* DetailConfigurator.swift */ = {isa = PBXFileReference; lastKnownFileType = sourcecode.swift; path = DetailConfigurator.swift; sourceTree = "<group>"; };
		3B448AA82AC9B41100F94292 /* APIRequest.swift */ = {isa = PBXFileReference; lastKnownFileType = sourcecode.swift; path = APIRequest.swift; sourceTree = "<group>"; };
		3B448AAA2AC9B46400F94292 /* APIClient.swift */ = {isa = PBXFileReference; lastKnownFileType = sourcecode.swift; path = APIClient.swift; sourceTree = "<group>"; };
		3B448AB32AC9D02100F94292 /* LoginDisplayLogicThreadWrapper.swift */ = {isa = PBXFileReference; lastKnownFileType = sourcecode.swift; path = LoginDisplayLogicThreadWrapper.swift; sourceTree = "<group>"; };
		3B448AB52AC9D82200F94292 /* StringExtensions.swift */ = {isa = PBXFileReference; lastKnownFileType = sourcecode.swift; path = StringExtensions.swift; sourceTree = "<group>"; };
		3B448ABA2AC9D8F100F94292 /* LoginRoutingLogicThreadWrapper.swift */ = {isa = PBXFileReference; lastKnownFileType = sourcecode.swift; path = LoginRoutingLogicThreadWrapper.swift; sourceTree = "<group>"; };
		3B448ABC2AC9DD2400F94292 /* OptionalExtensions.swift */ = {isa = PBXFileReference; lastKnownFileType = sourcecode.swift; path = OptionalExtensions.swift; sourceTree = "<group>"; };
		3B448ABF2AC9E89E00F94292 /* DetailDisplayLogicThreadWrapper.swift */ = {isa = PBXFileReference; lastKnownFileType = sourcecode.swift; path = DetailDisplayLogicThreadWrapper.swift; sourceTree = "<group>"; };
		3B448AC12AC9E8E400F94292 /* DetailRoutingLogicThreadWrapper.swift */ = {isa = PBXFileReference; lastKnownFileType = sourcecode.swift; path = DetailRoutingLogicThreadWrapper.swift; sourceTree = "<group>"; };
		3B448AC42ACAEAB400F94292 /* APIClientMock.swift */ = {isa = PBXFileReference; lastKnownFileType = sourcecode.swift; path = APIClientMock.swift; sourceTree = "<group>"; };
		3B448AC62ACAEACB00F94292 /* KeychainManagerMock.swift */ = {isa = PBXFileReference; lastKnownFileType = sourcecode.swift; path = KeychainManagerMock.swift; sourceTree = "<group>"; };
		3B448AC82ACAECBB00F94292 /* XCTestExtensions.swift */ = {isa = PBXFileReference; lastKnownFileType = sourcecode.swift; path = XCTestExtensions.swift; sourceTree = "<group>"; };
		3B990CA72ACB86CC00982759 /* LoginView.swift */ = {isa = PBXFileReference; lastKnownFileType = sourcecode.swift; path = LoginView.swift; sourceTree = "<group>"; };
		46066C2E03FD947BBA38B203 /* Pods_SantanderSample.framework */ = {isa = PBXFileReference; explicitFileType = wrapper.framework; includeInIndex = 0; path = Pods_SantanderSample.framework; sourceTree = BUILT_PRODUCTS_DIR; };
		D784D67B09F33BCDA6A64F1E /* Pods_SantanderSampleTests.framework */ = {isa = PBXFileReference; explicitFileType = wrapper.framework; includeInIndex = 0; path = Pods_SantanderSampleTests.framework; sourceTree = BUILT_PRODUCTS_DIR; };
/* End PBXFileReference section */

/* Begin PBXFrameworksBuildPhase section */
		18572B2D2183B7C1008A196B /* Frameworks */ = {
			isa = PBXFrameworksBuildPhase;
			buildActionMask = 2147483647;
			files = (
				3B448AAE2AC9C94A00F94292 /* SwiftKeychainWrapper in Frameworks */,
				3B448AA72AC9AB8C00F94292 /* IQKeyboardManagerSwift in Frameworks */,
			);
			runOnlyForDeploymentPostprocessing = 0;
		};
		18572BD52185C786008A196B /* Frameworks */ = {
			isa = PBXFrameworksBuildPhase;
			buildActionMask = 2147483647;
			files = (
			);
			runOnlyForDeploymentPostprocessing = 0;
		};
/* End PBXFrameworksBuildPhase section */

/* Begin PBXGroup section */
		14B854DFEB755AE7B24BFCC8 /* Frameworks */ = {
			isa = PBXGroup;
			children = (
				46066C2E03FD947BBA38B203 /* Pods_SantanderSample.framework */,
				D784D67B09F33BCDA6A64F1E /* Pods_SantanderSampleTests.framework */,
			);
			name = Frameworks;
			sourceTree = "<group>";
		};
		18572B272183B7C1008A196B = {
			isa = PBXGroup;
			children = (
				18572B322183B7C1008A196B /* SantanderSample */,
				18572BD92185C786008A196B /* SantanderSampleTests */,
				18572B312183B7C1008A196B /* Products */,
				14B854DFEB755AE7B24BFCC8 /* Frameworks */,
			);
			sourceTree = "<group>";
		};
		18572B312183B7C1008A196B /* Products */ = {
			isa = PBXGroup;
			children = (
				18572B302183B7C1008A196B /* SantanderSample.app */,
				18572BD82185C786008A196B /* SantanderSampleTests.xctest */,
			);
			name = Products;
			sourceTree = "<group>";
		};
		18572B322183B7C1008A196B /* SantanderSample */ = {
			isa = PBXGroup;
			children = (
				3B448AAF2AC9CBD300F94292 /* AppRouter */,
				18572B452183B7DD008A196B /* SupportFiles */,
				18572B522183B97B008A196B /* Login */,
				18572B5F2183B985008A196B /* Detail */,
				18572BB9218539E5008A196B /* Shared */,
			);
			path = SantanderSample;
			sourceTree = "<group>";
		};
		18572B452183B7DD008A196B /* SupportFiles */ = {
			isa = PBXGroup;
			children = (
				18572B332183B7C1008A196B /* AppDelegate.swift */,
				18572B3F2183B7C2008A196B /* Info.plist */,
				18572B3C2183B7C2008A196B /* LaunchScreen.storyboard */,
				18572B3A2183B7C2008A196B /* Assets.xcassets */,
			);
			name = SupportFiles;
			sourceTree = "<group>";
		};
		18572B522183B97B008A196B /* Login */ = {
			isa = PBXGroup;
			children = (
				3B448AB72AC9D8B300F94292 /* Wrappers */,
				18572B542183B97B008A196B /* LoginModels.swift */,
				18572B552183B97B008A196B /* LoginViewController.swift */,
				18572B532183B97B008A196B /* LoginInteractor.swift */,
				18572B562183B97B008A196B /* LoginPresenter.swift */,
				18572B572183B97B008A196B /* LoginWorker.swift */,
				18DE5709226B4DF9009E25B5 /* LoginConfigurator.swift */,
				3B990CA72ACB86CC00982759 /* LoginView.swift */,
			);
			path = Login;
			sourceTree = "<group>";
		};
		18572B5F2183B985008A196B /* Detail */ = {
			isa = PBXGroup;
			children = (
				3B448ABE2AC9E86B00F94292 /* Wrappers */,
				18572B632183B9A0008A196B /* DetailModels.swift */,
				18572BAE2184B299008A196B /* DetailsViewViewController.swift */,
				18572B652183B9A0008A196B /* DetailInteractor.swift */,
				18572B602183B9A0008A196B /* DetailPresenter.swift */,
				18572B612183B9A0008A196B /* DetailWorker.swift */,
				18DE570D226B54D2009E25B5 /* DetailConfigurator.swift */,
			);
			path = Detail;
			sourceTree = "<group>";
		};
		18572B6C2183BAF5008A196B /* Xib */ = {
			isa = PBXGroup;
			children = (
				18572B8F2183EE66008A196B /* InfoDetailView.xib */,
				18572B812183BCD8008A196B /* ExitButtonView.xib */,
				18572B9C21847CEC008A196B /* DetailCell.xib */,
				18572BAF2184B299008A196B /* DetailsViewViewController.xib */,
			);
			path = Xib;
			sourceTree = "<group>";
		};
		18572B892183E328008A196B /* Extension */ = {
			isa = PBXGroup;
			children = (
				18572B8A2183E352008A196B /* UIViewExtensions.swift */,
				18572B8C2183E3D8008A196B /* UIColorExtensions.swift */,
				18572BB72184F60B008A196B /* CodableExtensions.swift */,
				18572BBA21853BB9008A196B /* DoubleExtensions.swift */,
				18572BD22185B26F008A196B /* DateExtensions.swift */,
				18DE5703226B2C3E009E25B5 /* UICollectionViewExtension.swift */,
				18DE5705226B2FC4009E25B5 /* ArrayExtensions.swift */,
				3B448AB52AC9D82200F94292 /* StringExtensions.swift */,
				3B448ABC2AC9DD2400F94292 /* OptionalExtensions.swift */,
			);
			path = Extension;
			sourceTree = "<group>";
		};
		18572B9221844C75008A196B /* View */ = {
			isa = PBXGroup;
			children = (
				18572B732183BB72008A196B /* LogoView.swift */,
				18572B6F2183BB4A008A196B /* InputTextView.swift */,
				18572B772183BBE3008A196B /* LoginButtonView.swift */,
				18572B7B2183BC8B008A196B /* TitleDetailView.swift */,
				18572B8E2183EE66008A196B /* InfoDetailView.swift */,
				18572B832183BCF1008A196B /* ExitButtonView.swift */,
				18572B852183BD2C008A196B /* DetailCell.swift */,
			);
			path = View;
			sourceTree = "<group>";
		};
		18572BA121848994008A196B /* Util */ = {
			isa = PBXGroup;
			children = (
				18572BA221848994008A196B /* KeyboardUtility.swift */,
			);
			path = Util;
			sourceTree = "<group>";
		};
		18572BB42184E77A008A196B /* API */ = {
			isa = PBXGroup;
			children = (
				3B448AAA2AC9B46400F94292 /* APIClient.swift */,
				18572BB52184E791008A196B /* APIClientImpl.swift */,
				3B448AA82AC9B41100F94292 /* APIRequest.swift */,
				18572BD021859DCD008A196B /* KeychainWrapper.swift */,
			);
			path = API;
			sourceTree = "<group>";
		};
		18572BB9218539E5008A196B /* Shared */ = {
			isa = PBXGroup;
			children = (
				18572BB42184E77A008A196B /* API */,
				18572BA121848994008A196B /* Util */,
				18572B6C2183BAF5008A196B /* Xib */,
				18572B9221844C75008A196B /* View */,
				18572B892183E328008A196B /* Extension */,
			);
			path = Shared;
			sourceTree = "<group>";
		};
		18572BD92185C786008A196B /* SantanderSampleTests */ = {
			isa = PBXGroup;
			children = (
				3B448AC32ACAEAAB00F94292 /* helpers */,
				18572BE42185D703008A196B /* LoginWorkerTests.swift */,
				18572BE22185D41D008A196B /* KeychainTests.swift */,
				18572BDC2185C786008A196B /* Info.plist */,
			);
			path = SantanderSampleTests;
			sourceTree = "<group>";
		};
		3B448AAF2AC9CBD300F94292 /* AppRouter */ = {
			isa = PBXGroup;
			children = (
				18572B582183B97B008A196B /* APPRouter.swift */,
			);
			path = AppRouter;
			sourceTree = "<group>";
		};
		3B448AB72AC9D8B300F94292 /* Wrappers */ = {
			isa = PBXGroup;
			children = (
				3B448AB32AC9D02100F94292 /* LoginDisplayLogicThreadWrapper.swift */,
				3B448ABA2AC9D8F100F94292 /* LoginRoutingLogicThreadWrapper.swift */,
			);
			name = Wrappers;
			sourceTree = "<group>";
		};
		3B448ABE2AC9E86B00F94292 /* Wrappers */ = {
			isa = PBXGroup;
			children = (
				3B448ABF2AC9E89E00F94292 /* DetailDisplayLogicThreadWrapper.swift */,
				3B448AC12AC9E8E400F94292 /* DetailRoutingLogicThreadWrapper.swift */,
			);
			path = Wrappers;
			sourceTree = "<group>";
		};
		3B448AC32ACAEAAB00F94292 /* helpers */ = {
			isa = PBXGroup;
			children = (
				3B448AC42ACAEAB400F94292 /* APIClientMock.swift */,
				3B448AC62ACAEACB00F94292 /* KeychainManagerMock.swift */,
				3B448AC82ACAECBB00F94292 /* XCTestExtensions.swift */,
			);
			path = helpers;
			sourceTree = "<group>";
		};
/* End PBXGroup section */

/* Begin PBXNativeTarget section */
		18572B2F2183B7C1008A196B /* SantanderSample */ = {
			isa = PBXNativeTarget;
			buildConfigurationList = 18572B422183B7C2008A196B /* Build configuration list for PBXNativeTarget "SantanderSample" */;
			buildPhases = (
				18572B2C2183B7C1008A196B /* Sources */,
				18572B2D2183B7C1008A196B /* Frameworks */,
				18572B2E2183B7C1008A196B /* Resources */,
			);
			buildRules = (
			);
			dependencies = (
			);
			name = SantanderSample;
			packageProductDependencies = (
				3B448AA62AC9AB8C00F94292 /* IQKeyboardManagerSwift */,
				3B448AAD2AC9C94A00F94292 /* SwiftKeychainWrapper */,
			);
			productName = SantanderSample;
			productReference = 18572B302183B7C1008A196B /* SantanderSample.app */;
			productType = "com.apple.product-type.application";
		};
		18572BD72185C786008A196B /* SantanderSampleTests */ = {
			isa = PBXNativeTarget;
			buildConfigurationList = 18572BE12185C786008A196B /* Build configuration list for PBXNativeTarget "SantanderSampleTests" */;
			buildPhases = (
				18572BD42185C786008A196B /* Sources */,
				18572BD52185C786008A196B /* Frameworks */,
				18572BD62185C786008A196B /* Resources */,
			);
			buildRules = (
			);
			dependencies = (
				18572BDE2185C786008A196B /* PBXTargetDependency */,
			);
			name = SantanderSampleTests;
			productName = SantanderSampleTests;
			productReference = 18572BD82185C786008A196B /* SantanderSampleTests.xctest */;
			productType = "com.apple.product-type.bundle.unit-test";
		};
/* End PBXNativeTarget section */

/* Begin PBXProject section */
		18572B282183B7C1008A196B /* Project object */ = {
			isa = PBXProject;
			attributes = {
				BuildIndependentTargetsInParallel = YES;
				LastSwiftUpdateCheck = 1000;
				LastUpgradeCheck = 1430;
				ORGANIZATIONNAME = "Virgilius Santos";
				TargetAttributes = {
					18572B2F2183B7C1008A196B = {
						CreatedOnToolsVersion = 10.0;
						LastSwiftMigration = 1020;
					};
					18572BD72185C786008A196B = {
						CreatedOnToolsVersion = 10.0;
						LastSwiftMigration = 1020;
						TestTargetID = 18572B2F2183B7C1008A196B;
					};
				};
			};
			buildConfigurationList = 18572B2B2183B7C1008A196B /* Build configuration list for PBXProject "SantanderSample" */;
			compatibilityVersion = "Xcode 9.3";
			developmentRegion = en;
			hasScannedForEncodings = 0;
			knownRegions = (
				en,
				Base,
			);
			mainGroup = 18572B272183B7C1008A196B;
			packageReferences = (
				3B448AA52AC9AB8B00F94292 /* XCRemoteSwiftPackageReference "IQKeyboardManager" */,
				3B448AAC2AC9C94A00F94292 /* XCRemoteSwiftPackageReference "SwiftKeychainWrapper" */,
			);
			productRefGroup = 18572B312183B7C1008A196B /* Products */;
			projectDirPath = "";
			projectRoot = "";
			targets = (
				18572B2F2183B7C1008A196B /* SantanderSample */,
				18572BD72185C786008A196B /* SantanderSampleTests */,
			);
		};
/* End PBXProject section */

/* Begin PBXResourcesBuildPhase section */
		18572B2E2183B7C1008A196B /* Resources */ = {
			isa = PBXResourcesBuildPhase;
			buildActionMask = 2147483647;
			files = (
				18572B3E2183B7C2008A196B /* LaunchScreen.storyboard in Resources */,
				18572B9E21847CEC008A196B /* DetailCell.xib in Resources */,
				18572B3B2183B7C2008A196B /* Assets.xcassets in Resources */,
				18572BB12184B299008A196B /* DetailsViewViewController.xib in Resources */,
				18572B822183BCD8008A196B /* ExitButtonView.xib in Resources */,
				18572B912183EE66008A196B /* InfoDetailView.xib in Resources */,
			);
			runOnlyForDeploymentPostprocessing = 0;
		};
		18572BD62185C786008A196B /* Resources */ = {
			isa = PBXResourcesBuildPhase;
			buildActionMask = 2147483647;
			files = (
			);
			runOnlyForDeploymentPostprocessing = 0;
		};
/* End PBXResourcesBuildPhase section */

/* Begin PBXSourcesBuildPhase section */
		18572B2C2183B7C1008A196B /* Sources */ = {
			isa = PBXSourcesBuildPhase;
			buildActionMask = 2147483647;
			files = (
				18572BD32185B26F008A196B /* DateExtensions.swift in Sources */,
				3B448ABD2AC9DD2400F94292 /* OptionalExtensions.swift in Sources */,
				3B448AAB2AC9B46400F94292 /* APIClient.swift in Sources */,
				18572B5B2183B97B008A196B /* LoginViewController.swift in Sources */,
				18572B782183BBE3008A196B /* LoginButtonView.swift in Sources */,
				18572B7C2183BC8B008A196B /* TitleDetailView.swift in Sources */,
				18572B702183BB4A008A196B /* InputTextView.swift in Sources */,
				18572B672183B9A0008A196B /* DetailWorker.swift in Sources */,
				18572BBB21853BBA008A196B /* DoubleExtensions.swift in Sources */,
				3B448AA92AC9B41100F94292 /* APIRequest.swift in Sources */,
				18572B872183BD2C008A196B /* DetailCell.swift in Sources */,
				18572B5A2183B97B008A196B /* LoginModels.swift in Sources */,
				18572B8D2183E3D8008A196B /* UIColorExtensions.swift in Sources */,
				3B448AB62AC9D82200F94292 /* StringExtensions.swift in Sources */,
				3B448AC02AC9E89E00F94292 /* DetailDisplayLogicThreadWrapper.swift in Sources */,
				18572B592183B97B008A196B /* LoginInteractor.swift in Sources */,
				18572B662183B9A0008A196B /* DetailPresenter.swift in Sources */,
				18DE570E226B54D2009E25B5 /* DetailConfigurator.swift in Sources */,
				18DE5704226B2C3E009E25B5 /* UICollectionViewExtension.swift in Sources */,
				18572BB02184B299008A196B /* DetailsViewViewController.swift in Sources */,
				18572B8B2183E352008A196B /* UIViewExtensions.swift in Sources */,
				18572BB82184F60B008A196B /* CodableExtensions.swift in Sources */,
				18572BA321848994008A196B /* KeyboardUtility.swift in Sources */,
				18572BD121859DCD008A196B /* KeychainWrapper.swift in Sources */,
				18572B692183B9A0008A196B /* DetailModels.swift in Sources */,
				18572BB62184E791008A196B /* APIClientImpl.swift in Sources */,
				3B448AC22AC9E8E400F94292 /* DetailRoutingLogicThreadWrapper.swift in Sources */,
				18DE5706226B2FC4009E25B5 /* ArrayExtensions.swift in Sources */,
				18572B6B2183B9A0008A196B /* DetailInteractor.swift in Sources */,
				18572B842183BCF1008A196B /* ExitButtonView.swift in Sources */,
				3B448ABB2AC9D8F100F94292 /* LoginRoutingLogicThreadWrapper.swift in Sources */,
				18572B742183BB72008A196B /* LogoView.swift in Sources */,
				18572B342183B7C1008A196B /* AppDelegate.swift in Sources */,
				18572B902183EE66008A196B /* InfoDetailView.swift in Sources */,
				3B448AB42AC9D02100F94292 /* LoginDisplayLogicThreadWrapper.swift in Sources */,
				18572B5C2183B97B008A196B /* LoginPresenter.swift in Sources */,
				18572B5E2183B97B008A196B /* APPRouter.swift in Sources */,
				18DE570A226B4DF9009E25B5 /* LoginConfigurator.swift in Sources */,
				3B990CA82ACB86CC00982759 /* LoginView.swift in Sources */,
				18572B5D2183B97B008A196B /* LoginWorker.swift in Sources */,
			);
			runOnlyForDeploymentPostprocessing = 0;
		};
		18572BD42185C786008A196B /* Sources */ = {
			isa = PBXSourcesBuildPhase;
			buildActionMask = 2147483647;
			files = (
				3B448AC52ACAEAB400F94292 /* APIClientMock.swift in Sources */,
				3B448AC92ACAECBB00F94292 /* XCTestExtensions.swift in Sources */,
				3B448AC72ACAEACB00F94292 /* KeychainManagerMock.swift in Sources */,
				18572BE52185D703008A196B /* LoginWorkerTests.swift in Sources */,
				18572BE32185D41D008A196B /* KeychainTests.swift in Sources */,
			);
			runOnlyForDeploymentPostprocessing = 0;
		};
/* End PBXSourcesBuildPhase section */

/* Begin PBXTargetDependency section */
		18572BDE2185C786008A196B /* PBXTargetDependency */ = {
			isa = PBXTargetDependency;
			target = 18572B2F2183B7C1008A196B /* SantanderSample */;
			targetProxy = 18572BDD2185C786008A196B /* PBXContainerItemProxy */;
		};
/* End PBXTargetDependency section */

/* Begin PBXVariantGroup section */
		18572B3C2183B7C2008A196B /* LaunchScreen.storyboard */ = {
			isa = PBXVariantGroup;
			children = (
				18572B3D2183B7C2008A196B /* Base */,
			);
			name = LaunchScreen.storyboard;
			sourceTree = "<group>";
		};
/* End PBXVariantGroup section */

/* Begin XCBuildConfiguration section */
		18572B402183B7C2008A196B /* Debug */ = {
			isa = XCBuildConfiguration;
			buildSettings = {
				ALWAYS_SEARCH_USER_PATHS = NO;
				CLANG_ANALYZER_NONNULL = YES;
				CLANG_ANALYZER_NUMBER_OBJECT_CONVERSION = YES_AGGRESSIVE;
				CLANG_CXX_LANGUAGE_STANDARD = "gnu++14";
				CLANG_CXX_LIBRARY = "libc++";
				CLANG_ENABLE_MODULES = YES;
				CLANG_ENABLE_OBJC_ARC = YES;
				CLANG_ENABLE_OBJC_WEAK = YES;
				CLANG_WARN_BLOCK_CAPTURE_AUTORELEASING = YES;
				CLANG_WARN_BOOL_CONVERSION = YES;
				CLANG_WARN_COMMA = YES;
				CLANG_WARN_CONSTANT_CONVERSION = YES;
				CLANG_WARN_DEPRECATED_OBJC_IMPLEMENTATIONS = YES;
				CLANG_WARN_DIRECT_OBJC_ISA_USAGE = YES_ERROR;
				CLANG_WARN_DOCUMENTATION_COMMENTS = YES;
				CLANG_WARN_EMPTY_BODY = YES;
				CLANG_WARN_ENUM_CONVERSION = YES;
				CLANG_WARN_INFINITE_RECURSION = YES;
				CLANG_WARN_INT_CONVERSION = YES;
				CLANG_WARN_NON_LITERAL_NULL_CONVERSION = YES;
				CLANG_WARN_OBJC_IMPLICIT_RETAIN_SELF = YES;
				CLANG_WARN_OBJC_LITERAL_CONVERSION = YES;
				CLANG_WARN_OBJC_ROOT_CLASS = YES_ERROR;
				CLANG_WARN_QUOTED_INCLUDE_IN_FRAMEWORK_HEADER = YES;
				CLANG_WARN_RANGE_LOOP_ANALYSIS = YES;
				CLANG_WARN_STRICT_PROTOTYPES = YES;
				CLANG_WARN_SUSPICIOUS_MOVE = YES;
				CLANG_WARN_UNGUARDED_AVAILABILITY = YES_AGGRESSIVE;
				CLANG_WARN_UNREACHABLE_CODE = YES;
				CLANG_WARN__DUPLICATE_METHOD_MATCH = YES;
				CODE_SIGN_IDENTITY = "iPhone Developer";
				COPY_PHASE_STRIP = NO;
				DEBUG_INFORMATION_FORMAT = dwarf;
				ENABLE_STRICT_OBJC_MSGSEND = YES;
				ENABLE_TESTABILITY = YES;
				GCC_C_LANGUAGE_STANDARD = gnu11;
				GCC_DYNAMIC_NO_PIC = NO;
				GCC_NO_COMMON_BLOCKS = YES;
				GCC_OPTIMIZATION_LEVEL = 0;
				GCC_PREPROCESSOR_DEFINITIONS = (
					"DEBUG=1",
					"$(inherited)",
				);
				GCC_WARN_64_TO_32_BIT_CONVERSION = YES;
				GCC_WARN_ABOUT_RETURN_TYPE = YES_ERROR;
				GCC_WARN_UNDECLARED_SELECTOR = YES;
				GCC_WARN_UNINITIALIZED_AUTOS = YES_AGGRESSIVE;
				GCC_WARN_UNUSED_FUNCTION = YES;
				GCC_WARN_UNUSED_VARIABLE = YES;
				IPHONEOS_DEPLOYMENT_TARGET = 12.2;
				MTL_ENABLE_DEBUG_INFO = INCLUDE_SOURCE;
				MTL_FAST_MATH = YES;
				ONLY_ACTIVE_ARCH = YES;
				SDKROOT = iphoneos;
				SWIFT_ACTIVE_COMPILATION_CONDITIONS = DEBUG;
				SWIFT_OPTIMIZATION_LEVEL = "-Onone";
			};
			name = Debug;
		};
		18572B412183B7C2008A196B /* Release */ = {
			isa = XCBuildConfiguration;
			buildSettings = {
				ALWAYS_SEARCH_USER_PATHS = NO;
				CLANG_ANALYZER_NONNULL = YES;
				CLANG_ANALYZER_NUMBER_OBJECT_CONVERSION = YES_AGGRESSIVE;
				CLANG_CXX_LANGUAGE_STANDARD = "gnu++14";
				CLANG_CXX_LIBRARY = "libc++";
				CLANG_ENABLE_MODULES = YES;
				CLANG_ENABLE_OBJC_ARC = YES;
				CLANG_ENABLE_OBJC_WEAK = YES;
				CLANG_WARN_BLOCK_CAPTURE_AUTORELEASING = YES;
				CLANG_WARN_BOOL_CONVERSION = YES;
				CLANG_WARN_COMMA = YES;
				CLANG_WARN_CONSTANT_CONVERSION = YES;
				CLANG_WARN_DEPRECATED_OBJC_IMPLEMENTATIONS = YES;
				CLANG_WARN_DIRECT_OBJC_ISA_USAGE = YES_ERROR;
				CLANG_WARN_DOCUMENTATION_COMMENTS = YES;
				CLANG_WARN_EMPTY_BODY = YES;
				CLANG_WARN_ENUM_CONVERSION = YES;
				CLANG_WARN_INFINITE_RECURSION = YES;
				CLANG_WARN_INT_CONVERSION = YES;
				CLANG_WARN_NON_LITERAL_NULL_CONVERSION = YES;
				CLANG_WARN_OBJC_IMPLICIT_RETAIN_SELF = YES;
				CLANG_WARN_OBJC_LITERAL_CONVERSION = YES;
				CLANG_WARN_OBJC_ROOT_CLASS = YES_ERROR;
				CLANG_WARN_QUOTED_INCLUDE_IN_FRAMEWORK_HEADER = YES;
				CLANG_WARN_RANGE_LOOP_ANALYSIS = YES;
				CLANG_WARN_STRICT_PROTOTYPES = YES;
				CLANG_WARN_SUSPICIOUS_MOVE = YES;
				CLANG_WARN_UNGUARDED_AVAILABILITY = YES_AGGRESSIVE;
				CLANG_WARN_UNREACHABLE_CODE = YES;
				CLANG_WARN__DUPLICATE_METHOD_MATCH = YES;
				CODE_SIGN_IDENTITY = "iPhone Developer";
				COPY_PHASE_STRIP = NO;
				DEBUG_INFORMATION_FORMAT = "dwarf-with-dsym";
				ENABLE_NS_ASSERTIONS = NO;
				ENABLE_STRICT_OBJC_MSGSEND = YES;
				GCC_C_LANGUAGE_STANDARD = gnu11;
				GCC_NO_COMMON_BLOCKS = YES;
				GCC_WARN_64_TO_32_BIT_CONVERSION = YES;
				GCC_WARN_ABOUT_RETURN_TYPE = YES_ERROR;
				GCC_WARN_UNDECLARED_SELECTOR = YES;
				GCC_WARN_UNINITIALIZED_AUTOS = YES_AGGRESSIVE;
				GCC_WARN_UNUSED_FUNCTION = YES;
				GCC_WARN_UNUSED_VARIABLE = YES;
				IPHONEOS_DEPLOYMENT_TARGET = 12.2;
				MTL_ENABLE_DEBUG_INFO = NO;
				MTL_FAST_MATH = YES;
				SDKROOT = iphoneos;
				SWIFT_COMPILATION_MODE = wholemodule;
				SWIFT_OPTIMIZATION_LEVEL = "-O";
				VALIDATE_PRODUCT = YES;
			};
			name = Release;
		};
		18572B432183B7C2008A196B /* Debug */ = {
			isa = XCBuildConfiguration;
			buildSettings = {
				ASSETCATALOG_COMPILER_APPICON_NAME = AppIcon;
				CODE_SIGN_STYLE = Automatic;
				DEVELOPMENT_TEAM = KR99UBUHUT;
				INFOPLIST_FILE = SantanderSample/Info.plist;
				IPHONEOS_DEPLOYMENT_TARGET = 12.2;
				LD_RUNPATH_SEARCH_PATHS = (
					"$(inherited)",
					"@executable_path/Frameworks",
				);
				PRODUCT_BUNDLE_IDENTIFIER = com.organization.SantanderSample;
				PRODUCT_NAME = "$(TARGET_NAME)";
				SWIFT_VERSION = 5.0;
				TARGETED_DEVICE_FAMILY = 1;
			};
			name = Debug;
		};
		18572B442183B7C2008A196B /* Release */ = {
			isa = XCBuildConfiguration;
			buildSettings = {
				ASSETCATALOG_COMPILER_APPICON_NAME = AppIcon;
				CODE_SIGN_STYLE = Automatic;
				DEVELOPMENT_TEAM = KR99UBUHUT;
				INFOPLIST_FILE = SantanderSample/Info.plist;
				IPHONEOS_DEPLOYMENT_TARGET = 12.2;
				LD_RUNPATH_SEARCH_PATHS = (
					"$(inherited)",
					"@executable_path/Frameworks",
				);
				PRODUCT_BUNDLE_IDENTIFIER = com.organization.SantanderSample;
				PRODUCT_NAME = "$(TARGET_NAME)";
				SWIFT_VERSION = 5.0;
				TARGETED_DEVICE_FAMILY = 1;
			};
			name = Release;
		};
		18572BDF2185C786008A196B /* Debug */ = {
			isa = XCBuildConfiguration;
			buildSettings = {
				BUNDLE_LOADER = "$(TEST_HOST)";
				CODE_SIGN_STYLE = Automatic;
				DEVELOPMENT_TEAM = KR99UBUHUT;
				INFOPLIST_FILE = SantanderSampleTests/Info.plist;
				LD_RUNPATH_SEARCH_PATHS = (
					"$(inherited)",
					"@executable_path/Frameworks",
					"@loader_path/Frameworks",
				);
				PRODUCT_BUNDLE_IDENTIFIER = com.organization.SantanderSampleTests;
				PRODUCT_NAME = "$(TARGET_NAME)";
				SWIFT_VERSION = 5.0;
				TARGETED_DEVICE_FAMILY = "1,2";
				TEST_HOST = "$(BUILT_PRODUCTS_DIR)/SantanderSample.app/SantanderSample";
			};
			name = Debug;
		};
		18572BE02185C786008A196B /* Release */ = {
			isa = XCBuildConfiguration;
			buildSettings = {
				BUNDLE_LOADER = "$(TEST_HOST)";
				CODE_SIGN_STYLE = Automatic;
				DEVELOPMENT_TEAM = KR99UBUHUT;
				INFOPLIST_FILE = SantanderSampleTests/Info.plist;
				LD_RUNPATH_SEARCH_PATHS = (
					"$(inherited)",
					"@executable_path/Frameworks",
					"@loader_path/Frameworks",
				);
				PRODUCT_BUNDLE_IDENTIFIER = com.organization.SantanderSampleTests;
				PRODUCT_NAME = "$(TARGET_NAME)";
				SWIFT_VERSION = 5.0;
				TARGETED_DEVICE_FAMILY = "1,2";
				TEST_HOST = "$(BUILT_PRODUCTS_DIR)/SantanderSample.app/SantanderSample";
			};
			name = Release;
		};
/* End XCBuildConfiguration section */

/* Begin XCConfigurationList section */
		18572B2B2183B7C1008A196B /* Build configuration list for PBXProject "SantanderSample" */ = {
			isa = XCConfigurationList;
			buildConfigurations = (
				18572B402183B7C2008A196B /* Debug */,
				18572B412183B7C2008A196B /* Release */,
			);
			defaultConfigurationIsVisible = 0;
			defaultConfigurationName = Release;
		};
		18572B422183B7C2008A196B /* Build configuration list for PBXNativeTarget "SantanderSample" */ = {
			isa = XCConfigurationList;
			buildConfigurations = (
				18572B432183B7C2008A196B /* Debug */,
				18572B442183B7C2008A196B /* Release */,
			);
			defaultConfigurationIsVisible = 0;
			defaultConfigurationName = Release;
		};
		18572BE12185C786008A196B /* Build configuration list for PBXNativeTarget "SantanderSampleTests" */ = {
			isa = XCConfigurationList;
			buildConfigurations = (
				18572BDF2185C786008A196B /* Debug */,
				18572BE02185C786008A196B /* Release */,
			);
			defaultConfigurationIsVisible = 0;
			defaultConfigurationName = Release;
		};
/* End XCConfigurationList section */

/* Begin XCRemoteSwiftPackageReference section */
		3B448AA52AC9AB8B00F94292 /* XCRemoteSwiftPackageReference "IQKeyboardManager" */ = {
			isa = XCRemoteSwiftPackageReference;
			repositoryURL = "https://github.com/hackiftekhar/IQKeyboardManager.git";
			requirement = {
				kind = upToNextMajorVersion;
				minimumVersion = 6.5.0;
			};
		};
		3B448AAC2AC9C94A00F94292 /* XCRemoteSwiftPackageReference "SwiftKeychainWrapper" */ = {
			isa = XCRemoteSwiftPackageReference;
			repositoryURL = "https://github.com/jrendel/SwiftKeychainWrapper";
			requirement = {
				kind = upToNextMajorVersion;
				minimumVersion = 4.0.0;
			};
		};
/* End XCRemoteSwiftPackageReference section */

/* Begin XCSwiftPackageProductDependency section */
		3B448AA62AC9AB8C00F94292 /* IQKeyboardManagerSwift */ = {
			isa = XCSwiftPackageProductDependency;
			package = 3B448AA52AC9AB8B00F94292 /* XCRemoteSwiftPackageReference "IQKeyboardManager" */;
			productName = IQKeyboardManagerSwift;
		};
		3B448AAD2AC9C94A00F94292 /* SwiftKeychainWrapper */ = {
			isa = XCSwiftPackageProductDependency;
			package = 3B448AAC2AC9C94A00F94292 /* XCRemoteSwiftPackageReference "SwiftKeychainWrapper" */;
			productName = SwiftKeychainWrapper;
		};
/* End XCSwiftPackageProductDependency section */
	};
	rootObject = 18572B282183B7C1008A196B /* Project object */;
}
