PODS:
  - IQKeyboardManager (6.2.1)
  - Nimble (8.0.1)
  - Quick (2.1.0)
  - SwiftKeychainWrapper (3.2.0)
  - Swinject (2.6.0)

DEPENDENCIES:
  - IQKeyboardManager
  - Nimble
  - Quick
  - SwiftKeychainWrapper
  - Swinject

SPEC REPOS:
  https://github.com/cocoapods/specs.git:
    - IQKeyboardManager
    - Nimble
    - Quick
    - SwiftKeychainWrapper
    - Swinject

SPEC CHECKSUMS:
  IQKeyboardManager: 964638372b4a61892cc74fdfa6fd26de8c9464a2
  Nimble: 45f786ae66faa9a709624227fae502db55a8bdd0
  Quick: 4be43f6634acfa727dd106bdf3929ce125ffa79d
  SwiftKeychainWrapper: 82c4c02cdc36f9a24f7edfcaab3e336401caa1a1
  Swinject: 48a96cda93633cf2860697b4ce76ab5db9ebaca2

PODFILE CHECKSUM: 52935e795550835723ee2c5a06f4cfcf1618e0c8

COCOAPODS: 1.6.1
